
Microsoft Visual Studio Solution File, Format Version 12.00
# Visual Studio Version 16
VisualStudioVersion = 16.0.808.4
MinimumVisualStudioVersion = 10.0.40219.1
Project("{FAE04EC0-301F-11D3-BF4B-00C04F79EFBC}") = "RootCoinFattaleh", "RootCoinFattaleh\RootCoinFattaleh.csproj", "{71D939C5-19F1-414D-B788-A8C6B96B932E}"
EndProject
Global
	GlobalSection(SolutionConfigurationPlatforms) = preSolution
		Debug|Any CPU = Debug|Any CPU
		Release|Any CPU = Release|Any CPU
	EndGlobalSection
	GlobalSection(ProjectConfigurationPlatforms) = postSolution
		{71D939C5-19F1-414D-B788-A8C6B96B932E}.Debug|Any CPU.ActiveCfg = Debug|Any CPU
		{71D939C5-19F1-414D-B788-A8C6B96B932E}.Debug|Any CPU.Build.0 = Debug|Any CPU
		{71D939C5-19F1-414D-B788-A8C6B96B932E}.Release|Any CPU.ActiveCfg = Release|Any CPU
		{71D939C5-19F1-414D-B788-A8C6B96B932E}.Release|Any CPU.Build.0 = Release|Any CPU
	EndGlobalSection
	GlobalSection(SolutionProperties) = preSolution
		HideSolutionNode = FALSE
	EndGlobalSection
	GlobalSection(ExtensibilityGlobals) = postSolution
		SolutionGuid = {8F303308-72F2-43AC-8170-3830E5E9CC93}
	EndGlobalSection
EndGlobal
